
Microsoft Visual Studio Solution File, Format Version 12.00
# Visual Studio Version 16
VisualStudioVersion = 16.0.30621.155
MinimumVisualStudioVersion = 10.0.40219.1
Project("{FAE04EC0-301F-11D3-BF4B-00C04F79EFBC}") = "ASOL", "ASOL\ASOL.csproj", "{B1CD22E5-9FF5-4797-98CB-EBB4D4166995}"
EndProject
Global
	GlobalSection(SolutionConfigurationPlatforms) = preSolution
		Debug|Any CPU = Debug|Any CPU
		Release|Any CPU = Release|Any CPU
	EndGlobalSection
	GlobalSection(ProjectConfigurationPlatforms) = postSolution
		{B1CD22E5-9FF5-4797-98CB-EBB4D4166995}.Debug|Any CPU.ActiveCfg = Debug|Any CPU
		{B1CD22E5-9FF5-4797-98CB-EBB4D4166995}.Debug|Any CPU.Build.0 = Debug|Any CPU
		{B1CD22E5-9FF5-4797-98CB-EBB4D4166995}.Release|Any CPU.ActiveCfg = Release|Any CPU
		{B1CD22E5-9FF5-4797-98CB-EBB4D4166995}.Release|Any CPU.Build.0 = Release|Any CPU
	EndGlobalSection
	GlobalSection(SolutionProperties) = preSolution
		HideSolutionNode = FALSE
	EndGlobalSection
	GlobalSection(ExtensibilityGlobals) = postSolution
		SolutionGuid = {5DDA5B51-529B-4AAA-BB94-09B43A1605A3}
	EndGlobalSection
EndGlobal
